{
  "name": "prac",
  "lockfileVersion": 3,
  "requires": true,
  "packages": {
    "": {
      "dependencies": {
        "@upstash/ratelimit": "^2.0.5",
        "@upstash/redis": "^1.34.9"
      }
    },
    "node_modules/@upstash/core-analytics": {
      "version": "0.0.10",
      "resolved": "https://registry.npmjs.org/@upstash/core-analytics/-/core-analytics-0.0.10.tgz",
      "integrity": "sha512-7qJHGxpQgQr9/vmeS1PktEwvNAF7TI4iJDi8Pu2CFZ9YUGHZH4fOP5TfYlZ4aVxfopnELiE4BS4FBjyK7V1/xQ==",
      "license": "MIT",
      "dependencies": {
        "@upstash/redis": "^1.28.3"
      },
      "engines": {
        "node": ">=16.0.0"
      }
    },
    "node_modules/@upstash/ratelimit": {
      "version": "2.0.5",
      "resolved": "https://registry.npmjs.org/@upstash/ratelimit/-/ratelimit-2.0.5.tgz",
      "integrity": "sha512-1FRv0cs3ZlBjCNOCpCmKYmt9BYGIJf0J0R3pucOPE88R21rL7jNjXG+I+rN/BVOvYJhI9niRAS/JaSNjiSICxA==",
      "license": "MIT",
      "dependencies": {
        "@upstash/core-analytics": "^0.0.10"
      },
      "peerDependencies": {
        "@upstash/redis": "^1.34.3"
      }
    },
    "node_modules/@upstash/redis": {
      "version": "1.34.9",
      "resolved": "https://registry.npmjs.org/@upstash/redis/-/redis-1.34.9.tgz",
      "integrity": "sha512-7qzzF2FQP5VxR2YUNjemWs+hl/8VzJJ6fOkT7O7kt9Ct8olEVzb1g6/ik6B8Pb8W7ZmYv81SdlVV9F6O8bh/gw==",
      "license": "MIT",
      "dependencies": {
        "crypto-js": "^4.2.0"
      }
    },
    "node_modules/crypto-js": {
      "version": "4.2.0",
      "resolved": "https://registry.npmjs.org/crypto-js/-/crypto-js-4.2.0.tgz",
      "integrity": "sha512-KALDyEYgpY+Rlob/iriUtjV6d5Eq+Y191A5g4UqLAi8CyGP9N1+FdVbkc1SxKc2r4YAYqG8JzO2KGL+AizD70Q==",
      "license": "MIT"
    }
  }
}
